# This file is automatically @generated by Poetry 1.7.1 and should not be changed by hand.

[[package]]
name = "led-effect"
version = "0.1.0"
description = ""
optional = false
python-versions = "<3.12,>=3.8"
files = []
develop = true

[package.source]
type = "directory"
url = "../led_effect"

[metadata]
lock-version = "2.0"
python-versions = "<3.12,>=3.8"
content-hash = "a6d0b8e0a4d404ebaf726d03da83a034e4d1ea4430ec41e45050c419b5552060"
